// !$*UTF8*$!
{
	archiveVersion = 1;
	classes = {
	};
	objectVersion = 56;
	objects = {

/* Begin PBXBuildFile section */
		2511BD402A23C83A00293C8E /* CustomerStoreInfoViewModel.swift in Sources */ = {isa = PBXBuildFile; fileRef = 2511BD3F2A23C83A00293C8E /* CustomerStoreInfoViewModel.swift */; };
		2511BD442A23C95600293C8E /* CustomerCouponViewSheet.swift in Sources */ = {isa = PBXBuildFile; fileRef = 2511BD432A23C95600293C8E /* CustomerCouponViewSheet.swift */; };
		2511BD472A23C98A00293C8E /* QRCode in Frameworks */ = {isa = PBXBuildFile; productRef = 2511BD462A23C98A00293C8E /* QRCode */; };
		2511BD492A23D46800293C8E /* OverlayableLoadingIndicator.swift in Sources */ = {isa = PBXBuildFile; fileRef = 2511BD482A23D46800293C8E /* OverlayableLoadingIndicator.swift */; };
		2511BD4E2A23E1F200293C8E /* WorkerHomepage.swift in Sources */ = {isa = PBXBuildFile; fileRef = 2511BD4D2A23E1F200293C8E /* WorkerHomepage.swift */; };
		2511BD512A23E92B00293C8E /* CodeScanner in Frameworks */ = {isa = PBXBuildFile; productRef = 2511BD502A23E92B00293C8E /* CodeScanner */; };
		2511BD532A23ECA300293C8E /* WorkerHomepageViewModel.swift in Sources */ = {isa = PBXBuildFile; fileRef = 2511BD522A23ECA300293C8E /* WorkerHomepageViewModel.swift */; };
		252D5F132A226EB7000931BC /* royaltyplazaApp.swift in Sources */ = {isa = PBXBuildFile; fileRef = 252D5F122A226EB7000931BC /* royaltyplazaApp.swift */; };
		252D5F152A226EB7000931BC /* ContentView.swift in Sources */ = {isa = PBXBuildFile; fileRef = 252D5F142A226EB7000931BC /* ContentView.swift */; };
		252D5F172A226EB8000931BC /* Assets.xcassets in Resources */ = {isa = PBXBuildFile; fileRef = 252D5F162A226EB8000931BC /* Assets.xcassets */; };
		252D5F1A2A226EB8000931BC /* Preview Assets.xcassets in Resources */ = {isa = PBXBuildFile; fileRef = 252D5F192A226EB8000931BC /* Preview Assets.xcassets */; };
		257879712A234E7B003A7851 /* Onboarding.swift in Sources */ = {isa = PBXBuildFile; fileRef = 257879702A234E7B003A7851 /* Onboarding.swift */; };
		257879742A2350DD003A7851 /* AppEnvironment.swift in Sources */ = {isa = PBXBuildFile; fileRef = 257879732A2350DD003A7851 /* AppEnvironment.swift */; };
		257879772A23529C003A7851 /* SignIn.swift in Sources */ = {isa = PBXBuildFile; fileRef = 257879762A23529C003A7851 /* SignIn.swift */; };
		2588EC332A238CBF0081407E /* Alamofire in Frameworks */ = {isa = PBXBuildFile; productRef = 2588EC322A238CBF0081407E /* Alamofire */; };
		2588EC352A238DCE0081407E /* UserAPI.swift in Sources */ = {isa = PBXBuildFile; fileRef = 2588EC342A238DCE0081407E /* UserAPI.swift */; };
		2588EC372A238F4C0081407E /* SignInViewModel.swift in Sources */ = {isa = PBXBuildFile; fileRef = 2588EC362A238F4C0081407E /* SignInViewModel.swift */; };
		2588EC3B2A2392C40081407E /* SwiftyJSON in Frameworks */ = {isa = PBXBuildFile; productRef = 2588EC3A2A2392C40081407E /* SwiftyJSON */; };
		2588EC3D2A2393360081407E /* APIResponse.swift in Sources */ = {isa = PBXBuildFile; fileRef = 2588EC3C2A2393360081407E /* APIResponse.swift */; };
		2588EC412A2398BE0081407E /* APIManager.swift in Sources */ = {isa = PBXBuildFile; fileRef = 2588EC402A2398BE0081407E /* APIManager.swift */; };
		2588EC432A2399640081407E /* LoyaltyAPI.swift in Sources */ = {isa = PBXBuildFile; fileRef = 2588EC422A2399640081407E /* LoyaltyAPI.swift */; };
		2588EC452A239D800081407E /* ActivityIndicator.swift in Sources */ = {isa = PBXBuildFile; fileRef = 2588EC442A239D800081407E /* ActivityIndicator.swift */; };
		2588EC472A239F3F0081407E /* StoreAPI.swift in Sources */ = {isa = PBXBuildFile; fileRef = 2588EC462A239F3F0081407E /* StoreAPI.swift */; };
		2588EC492A23A5A60081407E /* Store.swift in Sources */ = {isa = PBXBuildFile; fileRef = 2588EC482A23A5A60081407E /* Store.swift */; };
		2588EC4B2A23A84F0081407E /* User.swift in Sources */ = {isa = PBXBuildFile; fileRef = 2588EC4A2A23A84E0081407E /* User.swift */; };
		2588EC4E2A23AA7E0081407E /* Homepage.swift in Sources */ = {isa = PBXBuildFile; fileRef = 2588EC4D2A23AA7E0081407E /* Homepage.swift */; };
		2588EC502A23AEE60081407E /* Loyalty.swift in Sources */ = {isa = PBXBuildFile; fileRef = 2588EC4F2A23AEE50081407E /* Loyalty.swift */; };
		2588EC532A23B1220081407E /* Colorful in Frameworks */ = {isa = PBXBuildFile; productRef = 2588EC522A23B1220081407E /* Colorful */; };
		2588EC562A23B7330081407E /* Color+Manipulation.swift in Sources */ = {isa = PBXBuildFile; fileRef = 2588EC552A23B7330081407E /* Color+Manipulation.swift */; };
		2588EC582A23BD0E0081407E /* Coupon.swift in Sources */ = {isa = PBXBuildFile; fileRef = 2588EC572A23BD0E0081407E /* Coupon.swift */; };
		2588EC5B2A23BD6A0081407E /* CustomerStoreInfo.swift in Sources */ = {isa = PBXBuildFile; fileRef = 2588EC5A2A23BD6A0081407E /* CustomerStoreInfo.swift */; };
		2588EC612A23C0760081407E /* HomepageViewModel.swift in Sources */ = {isa = PBXBuildFile; fileRef = 2588EC602A23C0760081407E /* HomepageViewModel.swift */; };
		25CC8C8E2A236EBE0090A8C0 /* Routes.swift in Sources */ = {isa = PBXBuildFile; fileRef = 25CC8C8D2A236EBE0090A8C0 /* Routes.swift */; };
		25CC8C912A236F2E0090A8C0 /* ViewFactory.swift in Sources */ = {isa = PBXBuildFile; fileRef = 25CC8C902A236F2E0090A8C0 /* ViewFactory.swift */; };
/* End PBXBuildFile section */

/* Begin PBXFileReference section */
		2511BD3F2A23C83A00293C8E /* CustomerStoreInfoViewModel.swift */ = {isa = PBXFileReference; lastKnownFileType = sourcecode.swift; path = CustomerStoreInfoViewModel.swift; sourceTree = "<group>"; };
		2511BD432A23C95600293C8E /* CustomerCouponViewSheet.swift */ = {isa = PBXFileReference; lastKnownFileType = sourcecode.swift; path = CustomerCouponViewSheet.swift; sourceTree = "<group>"; };
		2511BD482A23D46800293C8E /* OverlayableLoadingIndicator.swift */ = {isa = PBXFileReference; lastKnownFileType = sourcecode.swift; path = OverlayableLoadingIndicator.swift; sourceTree = "<group>"; };
		2511BD4D2A23E1F200293C8E /* WorkerHomepage.swift */ = {isa = PBXFileReference; lastKnownFileType = sourcecode.swift; path = WorkerHomepage.swift; sourceTree = "<group>"; };
		2511BD522A23ECA300293C8E /* WorkerHomepageViewModel.swift */ = {isa = PBXFileReference; lastKnownFileType = sourcecode.swift; path = WorkerHomepageViewModel.swift; sourceTree = "<group>"; };
		252D5F0F2A226EB7000931BC /* royaltyplaza.app */ = {isa = PBXFileReference; explicitFileType = wrapper.application; includeInIndex = 0; path = royaltyplaza.app; sourceTree = BUILT_PRODUCTS_DIR; };
		252D5F122A226EB7000931BC /* royaltyplazaApp.swift */ = {isa = PBXFileReference; lastKnownFileType = sourcecode.swift; path = royaltyplazaApp.swift; sourceTree = "<group>"; };
		252D5F142A226EB7000931BC /* ContentView.swift */ = {isa = PBXFileReference; lastKnownFileType = sourcecode.swift; path = ContentView.swift; sourceTree = "<group>"; };
		252D5F162A226EB8000931BC /* Assets.xcassets */ = {isa = PBXFileReference; lastKnownFileType = folder.assetcatalog; path = Assets.xcassets; sourceTree = "<group>"; };
		252D5F192A226EB8000931BC /* Preview Assets.xcassets */ = {isa = PBXFileReference; lastKnownFileType = folder.assetcatalog; path = "Preview Assets.xcassets"; sourceTree = "<group>"; };
		257879702A234E7B003A7851 /* Onboarding.swift */ = {isa = PBXFileReference; lastKnownFileType = sourcecode.swift; path = Onboarding.swift; sourceTree = "<group>"; };
		257879732A2350DD003A7851 /* AppEnvironment.swift */ = {isa = PBXFileReference; lastKnownFileType = sourcecode.swift; path = AppEnvironment.swift; sourceTree = "<group>"; };
		257879762A23529C003A7851 /* SignIn.swift */ = {isa = PBXFileReference; lastKnownFileType = sourcecode.swift; path = SignIn.swift; sourceTree = "<group>"; };
		2588EC342A238DCE0081407E /* UserAPI.swift */ = {isa = PBXFileReference; lastKnownFileType = sourcecode.swift; path = UserAPI.swift; sourceTree = "<group>"; };
		2588EC362A238F4C0081407E /* SignInViewModel.swift */ = {isa = PBXFileReference; lastKnownFileType = sourcecode.swift; path = SignInViewModel.swift; sourceTree = "<group>"; };
		2588EC382A23919A0081407E /* Info.plist */ = {isa = PBXFileReference; lastKnownFileType = text.plist; path = Info.plist; sourceTree = "<group>"; };
		2588EC3C2A2393360081407E /* APIResponse.swift */ = {isa = PBXFileReference; lastKnownFileType = sourcecode.swift; path = APIResponse.swift; sourceTree = "<group>"; };
		2588EC402A2398BE0081407E /* APIManager.swift */ = {isa = PBXFileReference; lastKnownFileType = sourcecode.swift; path = APIManager.swift; sourceTree = "<group>"; };
		2588EC422A2399640081407E /* LoyaltyAPI.swift */ = {isa = PBXFileReference; lastKnownFileType = sourcecode.swift; path = LoyaltyAPI.swift; sourceTree = "<group>"; };
		2588EC442A239D800081407E /* ActivityIndicator.swift */ = {isa = PBXFileReference; lastKnownFileType = sourcecode.swift; path = ActivityIndicator.swift; sourceTree = "<group>"; };
		2588EC462A239F3F0081407E /* StoreAPI.swift */ = {isa = PBXFileReference; lastKnownFileType = sourcecode.swift; path = StoreAPI.swift; sourceTree = "<group>"; };
		2588EC482A23A5A60081407E /* Store.swift */ = {isa = PBXFileReference; lastKnownFileType = sourcecode.swift; path = Store.swift; sourceTree = "<group>"; };
		2588EC4A2A23A84E0081407E /* User.swift */ = {isa = PBXFileReference; lastKnownFileType = sourcecode.swift; path = User.swift; sourceTree = "<group>"; };
		2588EC4D2A23AA7E0081407E /* Homepage.swift */ = {isa = PBXFileReference; lastKnownFileType = sourcecode.swift; path = Homepage.swift; sourceTree = "<group>"; };
		2588EC4F2A23AEE50081407E /* Loyalty.swift */ = {isa = PBXFileReference; lastKnownFileType = sourcecode.swift; path = Loyalty.swift; sourceTree = "<group>"; };
		2588EC552A23B7330081407E /* Color+Manipulation.swift */ = {isa = PBXFileReference; lastKnownFileType = sourcecode.swift; path = "Color+Manipulation.swift"; sourceTree = "<group>"; };
		2588EC572A23BD0E0081407E /* Coupon.swift */ = {isa = PBXFileReference; lastKnownFileType = sourcecode.swift; path = Coupon.swift; sourceTree = "<group>"; };
		2588EC5A2A23BD6A0081407E /* CustomerStoreInfo.swift */ = {isa = PBXFileReference; lastKnownFileType = sourcecode.swift; path = CustomerStoreInfo.swift; sourceTree = "<group>"; };
		2588EC602A23C0760081407E /* HomepageViewModel.swift */ = {isa = PBXFileReference; lastKnownFileType = sourcecode.swift; path = HomepageViewModel.swift; sourceTree = "<group>"; };
		25CC8C8D2A236EBE0090A8C0 /* Routes.swift */ = {isa = PBXFileReference; lastKnownFileType = sourcecode.swift; path = Routes.swift; sourceTree = "<group>"; };
		25CC8C902A236F2E0090A8C0 /* ViewFactory.swift */ = {isa = PBXFileReference; lastKnownFileType = sourcecode.swift; path = ViewFactory.swift; sourceTree = "<group>"; };
/* End PBXFileReference section */

/* Begin PBXFrameworksBuildPhase section */
		252D5F0C2A226EB7000931BC /* Frameworks */ = {
			isa = PBXFrameworksBuildPhase;
			buildActionMask = 2147483647;
			files = (
				2511BD472A23C98A00293C8E /* QRCode in Frameworks */,
				2588EC3B2A2392C40081407E /* SwiftyJSON in Frameworks */,
				2588EC332A238CBF0081407E /* Alamofire in Frameworks */,
				2588EC532A23B1220081407E /* Colorful in Frameworks */,
				2511BD512A23E92B00293C8E /* CodeScanner in Frameworks */,
			);
			runOnlyForDeploymentPostprocessing = 0;
		};
/* End PBXFrameworksBuildPhase section */

/* Begin PBXGroup section */
		2511BD4A2A23E04D00293C8E /* Customer */ = {
			isa = PBXGroup;
			children = (
				2588EC592A23BD580081407E /* CustomerStoreInfo */,
				2588EC4C2A23AA3A0081407E /* Homepage */,
			);
			path = Customer;
			sourceTree = "<group>";
		};
		2511BD4B2A23E05900293C8E /* Worker */ = {
			isa = PBXGroup;
			children = (
				2511BD4C2A23E1E200293C8E /* WorkerHomepage */,
			);
			path = Worker;
			sourceTree = "<group>";
		};
		2511BD4C2A23E1E200293C8E /* WorkerHomepage */ = {
			isa = PBXGroup;
			children = (
				2511BD4D2A23E1F200293C8E /* WorkerHomepage.swift */,
				2511BD522A23ECA300293C8E /* WorkerHomepageViewModel.swift */,
			);
			path = WorkerHomepage;
			sourceTree = "<group>";
		};
		252D5F062A226EB7000931BC = {
			isa = PBXGroup;
			children = (
				252D5F112A226EB7000931BC /* royaltyplaza */,
				252D5F102A226EB7000931BC /* Products */,
			);
			sourceTree = "<group>";
		};
		252D5F102A226EB7000931BC /* Products */ = {
			isa = PBXGroup;
			children = (
				252D5F0F2A226EB7000931BC /* royaltyplaza.app */,
			);
			name = Products;
			sourceTree = "<group>";
		};
		252D5F112A226EB7000931BC /* royaltyplaza */ = {
			isa = PBXGroup;
			children = (
				2588EC542A23B71B0081407E /* Extensions */,
				2588EC382A23919A0081407E /* Info.plist */,
				25CC8C8F2A236F1E0090A8C0 /* Routing */,
				257879782A23610B003A7851 /* Http */,
				257879722A2350D1003A7851 /* Model */,
				2578796E2A234E58003A7851 /* Views */,
				252D5F122A226EB7000931BC /* royaltyplazaApp.swift */,
				252D5F142A226EB7000931BC /* ContentView.swift */,
				252D5F162A226EB8000931BC /* Assets.xcassets */,
				252D5F182A226EB8000931BC /* Preview Content */,
			);
			path = royaltyplaza;
			sourceTree = "<group>";
		};
		252D5F182A226EB8000931BC /* Preview Content */ = {
			isa = PBXGroup;
			children = (
				252D5F192A226EB8000931BC /* Preview Assets.xcassets */,
			);
			path = "Preview Content";
			sourceTree = "<group>";
		};
		2578796E2A234E58003A7851 /* Views */ = {
			isa = PBXGroup;
			children = (
				257879752A235293003A7851 /* SignIn */,
				2578796F2A234E6C003A7851 /* Onboarding */,
				2511BD4B2A23E05900293C8E /* Worker */,
				2511BD4A2A23E04D00293C8E /* Customer */,
				2588EC442A239D800081407E /* ActivityIndicator.swift */,
				2511BD482A23D46800293C8E /* OverlayableLoadingIndicator.swift */,
			);
			path = Views;
			sourceTree = "<group>";
		};
		2578796F2A234E6C003A7851 /* Onboarding */ = {
			isa = PBXGroup;
			children = (
				257879702A234E7B003A7851 /* Onboarding.swift */,
			);
			path = Onboarding;
			sourceTree = "<group>";
		};
		257879722A2350D1003A7851 /* Model */ = {
			isa = PBXGroup;
			children = (
				257879732A2350DD003A7851 /* AppEnvironment.swift */,
				2588EC3C2A2393360081407E /* APIResponse.swift */,
				2588EC482A23A5A60081407E /* Store.swift */,
				2588EC4A2A23A84E0081407E /* User.swift */,
				2588EC4F2A23AEE50081407E /* Loyalty.swift */,
				2588EC572A23BD0E0081407E /* Coupon.swift */,
			);
			path = Model;
			sourceTree = "<group>";
		};
		257879752A235293003A7851 /* SignIn */ = {
			isa = PBXGroup;
			children = (
				257879762A23529C003A7851 /* SignIn.swift */,
				2588EC362A238F4C0081407E /* SignInViewModel.swift */,
			);
			path = SignIn;
			sourceTree = "<group>";
		};
		257879782A23610B003A7851 /* Http */ = {
			isa = PBXGroup;
			children = (
				2588EC342A238DCE0081407E /* UserAPI.swift */,
				2588EC402A2398BE0081407E /* APIManager.swift */,
				2588EC422A2399640081407E /* LoyaltyAPI.swift */,
				2588EC462A239F3F0081407E /* StoreAPI.swift */,
			);
			path = Http;
			sourceTree = "<group>";
		};
		2588EC4C2A23AA3A0081407E /* Homepage */ = {
			isa = PBXGroup;
			children = (
				2588EC4D2A23AA7E0081407E /* Homepage.swift */,
				2588EC602A23C0760081407E /* HomepageViewModel.swift */,
			);
			path = Homepage;
			sourceTree = "<group>";
		};
		2588EC542A23B71B0081407E /* Extensions */ = {
			isa = PBXGroup;
			children = (
				2588EC552A23B7330081407E /* Color+Manipulation.swift */,
			);
			path = Extensions;
			sourceTree = "<group>";
		};
		2588EC592A23BD580081407E /* CustomerStoreInfo */ = {
			isa = PBXGroup;
			children = (
				2588EC5A2A23BD6A0081407E /* CustomerStoreInfo.swift */,
				2511BD3F2A23C83A00293C8E /* CustomerStoreInfoViewModel.swift */,
				2511BD432A23C95600293C8E /* CustomerCouponViewSheet.swift */,
			);
			path = CustomerStoreInfo;
			sourceTree = "<group>";
		};
		25CC8C8F2A236F1E0090A8C0 /* Routing */ = {
			isa = PBXGroup;
			children = (
				25CC8C8D2A236EBE0090A8C0 /* Routes.swift */,
				25CC8C902A236F2E0090A8C0 /* ViewFactory.swift */,
			);
			path = Routing;
			sourceTree = "<group>";
		};
/* End PBXGroup section */

/* Begin PBXNativeTarget section */
		252D5F0E2A226EB7000931BC /* royaltyplaza */ = {
			isa = PBXNativeTarget;
			buildConfigurationList = 252D5F1D2A226EB8000931BC /* Build configuration list for PBXNativeTarget "royaltyplaza" */;
			buildPhases = (
				252D5F0B2A226EB7000931BC /* Sources */,
				252D5F0C2A226EB7000931BC /* Frameworks */,
				252D5F0D2A226EB7000931BC /* Resources */,
			);
			buildRules = (
			);
			dependencies = (
			);
			name = royaltyplaza;
			packageProductDependencies = (
				2588EC322A238CBF0081407E /* Alamofire */,
				2588EC3A2A2392C40081407E /* SwiftyJSON */,
				2588EC522A23B1220081407E /* Colorful */,
				2511BD462A23C98A00293C8E /* QRCode */,
				2511BD502A23E92B00293C8E /* CodeScanner */,
			);
			productName = royaltyplaza;
			productReference = 252D5F0F2A226EB7000931BC /* royaltyplaza.app */;
			productType = "com.apple.product-type.application";
		};
/* End PBXNativeTarget section */

/* Begin PBXProject section */
		252D5F072A226EB7000931BC /* Project object */ = {
			isa = PBXProject;
			attributes = {
				BuildIndependentTargetsInParallel = 1;
				LastSwiftUpdateCheck = 1430;
				LastUpgradeCheck = 1430;
				TargetAttributes = {
					252D5F0E2A226EB7000931BC = {
						CreatedOnToolsVersion = 14.3;
					};
				};
			};
			buildConfigurationList = 252D5F0A2A226EB7000931BC /* Build configuration list for PBXProject "royaltyplaza" */;
			compatibilityVersion = "Xcode 14.0";
			developmentRegion = en;
			hasScannedForEncodings = 0;
			knownRegions = (
				en,
				Base,
			);
			mainGroup = 252D5F062A226EB7000931BC;
			packageReferences = (
				2588EC312A238CBF0081407E /* XCRemoteSwiftPackageReference "Alamofire" */,
				2588EC392A2392C40081407E /* XCRemoteSwiftPackageReference "SwiftyJSON" */,
				2588EC512A23B1220081407E /* XCRemoteSwiftPackageReference "Colorful" */,
				2511BD452A23C98A00293C8E /* XCRemoteSwiftPackageReference "qrcode" */,
				2511BD4F2A23E92B00293C8E /* XCRemoteSwiftPackageReference "CodeScanner" */,
			);
			productRefGroup = 252D5F102A226EB7000931BC /* Products */;
			projectDirPath = "";
			projectRoot = "";
			targets = (
				252D5F0E2A226EB7000931BC /* royaltyplaza */,
			);
		};
/* End PBXProject section */

/* Begin PBXResourcesBuildPhase section */
		252D5F0D2A226EB7000931BC /* Resources */ = {
			isa = PBXResourcesBuildPhase;
			buildActionMask = 2147483647;
			files = (
				252D5F1A2A226EB8000931BC /* Preview Assets.xcassets in Resources */,
				252D5F172A226EB8000931BC /* Assets.xcassets in Resources */,
			);
			runOnlyForDeploymentPostprocessing = 0;
		};
/* End PBXResourcesBuildPhase section */

/* Begin PBXSourcesBuildPhase section */
		252D5F0B2A226EB7000931BC /* Sources */ = {
			isa = PBXSourcesBuildPhase;
			buildActionMask = 2147483647;
			files = (
				2588EC502A23AEE60081407E /* Loyalty.swift in Sources */,
				2588EC492A23A5A60081407E /* Store.swift in Sources */,
				2511BD402A23C83A00293C8E /* CustomerStoreInfoViewModel.swift in Sources */,
				2588EC612A23C0760081407E /* HomepageViewModel.swift in Sources */,
				2588EC412A2398BE0081407E /* APIManager.swift in Sources */,
				2511BD532A23ECA300293C8E /* WorkerHomepageViewModel.swift in Sources */,
				257879712A234E7B003A7851 /* Onboarding.swift in Sources */,
				25CC8C8E2A236EBE0090A8C0 /* Routes.swift in Sources */,
				2511BD4E2A23E1F200293C8E /* WorkerHomepage.swift in Sources */,
				2588EC4B2A23A84F0081407E /* User.swift in Sources */,
				257879742A2350DD003A7851 /* AppEnvironment.swift in Sources */,
				2588EC452A239D800081407E /* ActivityIndicator.swift in Sources */,
				2588EC3D2A2393360081407E /* APIResponse.swift in Sources */,
				2588EC472A239F3F0081407E /* StoreAPI.swift in Sources */,
				2588EC562A23B7330081407E /* Color+Manipulation.swift in Sources */,
				257879772A23529C003A7851 /* SignIn.swift in Sources */,
				2588EC5B2A23BD6A0081407E /* CustomerStoreInfo.swift in Sources */,
				2588EC352A238DCE0081407E /* UserAPI.swift in Sources */,
				2588EC372A238F4C0081407E /* SignInViewModel.swift in Sources */,
				252D5F152A226EB7000931BC /* ContentView.swift in Sources */,
				2511BD442A23C95600293C8E /* CustomerCouponViewSheet.swift in Sources */,
				2511BD492A23D46800293C8E /* OverlayableLoadingIndicator.swift in Sources */,
				2588EC582A23BD0E0081407E /* Coupon.swift in Sources */,
				2588EC4E2A23AA7E0081407E /* Homepage.swift in Sources */,
				25CC8C912A236F2E0090A8C0 /* ViewFactory.swift in Sources */,
				252D5F132A226EB7000931BC /* royaltyplazaApp.swift in Sources */,
				2588EC432A2399640081407E /* LoyaltyAPI.swift in Sources */,
			);
			runOnlyForDeploymentPostprocessing = 0;
		};
/* End PBXSourcesBuildPhase section */

/* Begin XCBuildConfiguration section */
		252D5F1B2A226EB8000931BC /* Debug */ = {
			isa = XCBuildConfiguration;
			buildSettings = {
				ALWAYS_SEARCH_USER_PATHS = NO;
				CLANG_ANALYZER_NONNULL = YES;
				CLANG_ANALYZER_NUMBER_OBJECT_CONVERSION = YES_AGGRESSIVE;
				CLANG_CXX_LANGUAGE_STANDARD = "gnu++20";
				CLANG_ENABLE_MODULES = YES;
				CLANG_ENABLE_OBJC_ARC = YES;
				CLANG_ENABLE_OBJC_WEAK = YES;
				CLANG_WARN_BLOCK_CAPTURE_AUTORELEASING = YES;
				CLANG_WARN_BOOL_CONVERSION = YES;
				CLANG_WARN_COMMA = YES;
				CLANG_WARN_CONSTANT_CONVERSION = YES;
				CLANG_WARN_DEPRECATED_OBJC_IMPLEMENTATIONS = YES;
				CLANG_WARN_DIRECT_OBJC_ISA_USAGE = YES_ERROR;
				CLANG_WARN_DOCUMENTATION_COMMENTS = YES;
				CLANG_WARN_EMPTY_BODY = YES;
				CLANG_WARN_ENUM_CONVERSION = YES;
				CLANG_WARN_INFINITE_RECURSION = YES;
				CLANG_WARN_INT_CONVERSION = YES;
				CLANG_WARN_NON_LITERAL_NULL_CONVERSION = YES;
				CLANG_WARN_OBJC_IMPLICIT_RETAIN_SELF = YES;
				CLANG_WARN_OBJC_LITERAL_CONVERSION = YES;
				CLANG_WARN_OBJC_ROOT_CLASS = YES_ERROR;
				CLANG_WARN_QUOTED_INCLUDE_IN_FRAMEWORK_HEADER = YES;
				CLANG_WARN_RANGE_LOOP_ANALYSIS = YES;
				CLANG_WARN_STRICT_PROTOTYPES = YES;
				CLANG_WARN_SUSPICIOUS_MOVE = YES;
				CLANG_WARN_UNGUARDED_AVAILABILITY = YES_AGGRESSIVE;
				CLANG_WARN_UNREACHABLE_CODE = YES;
				CLANG_WARN__DUPLICATE_METHOD_MATCH = YES;
				COPY_PHASE_STRIP = NO;
				DEBUG_INFORMATION_FORMAT = dwarf;
				ENABLE_STRICT_OBJC_MSGSEND = YES;
				ENABLE_TESTABILITY = YES;
				GCC_C_LANGUAGE_STANDARD = gnu11;
				GCC_DYNAMIC_NO_PIC = NO;
				GCC_NO_COMMON_BLOCKS = YES;
				GCC_OPTIMIZATION_LEVEL = 0;
				GCC_PREPROCESSOR_DEFINITIONS = (
					"DEBUG=1",
					"$(inherited)",
				);
				GCC_WARN_64_TO_32_BIT_CONVERSION = YES;
				GCC_WARN_ABOUT_RETURN_TYPE = YES_ERROR;
				GCC_WARN_UNDECLARED_SELECTOR = YES;
				GCC_WARN_UNINITIALIZED_AUTOS = YES_AGGRESSIVE;
				GCC_WARN_UNUSED_FUNCTION = YES;
				GCC_WARN_UNUSED_VARIABLE = YES;
				IPHONEOS_DEPLOYMENT_TARGET = 16.4;
				MTL_ENABLE_DEBUG_INFO = INCLUDE_SOURCE;
				MTL_FAST_MATH = YES;
				ONLY_ACTIVE_ARCH = YES;
				SDKROOT = iphoneos;
				SWIFT_ACTIVE_COMPILATION_CONDITIONS = DEBUG;
				SWIFT_OPTIMIZATION_LEVEL = "-Onone";
			};
			name = Debug;
		};
		252D5F1C2A226EB8000931BC /* Release */ = {
			isa = XCBuildConfiguration;
			buildSettings = {
				ALWAYS_SEARCH_USER_PATHS = NO;
				CLANG_ANALYZER_NONNULL = YES;
				CLANG_ANALYZER_NUMBER_OBJECT_CONVERSION = YES_AGGRESSIVE;
				CLANG_CXX_LANGUAGE_STANDARD = "gnu++20";
				CLANG_ENABLE_MODULES = YES;
				CLANG_ENABLE_OBJC_ARC = YES;
				CLANG_ENABLE_OBJC_WEAK = YES;
				CLANG_WARN_BLOCK_CAPTURE_AUTORELEASING = YES;
				CLANG_WARN_BOOL_CONVERSION = YES;
				CLANG_WARN_COMMA = YES;
				CLANG_WARN_CONSTANT_CONVERSION = YES;
				CLANG_WARN_DEPRECATED_OBJC_IMPLEMENTATIONS = YES;
				CLANG_WARN_DIRECT_OBJC_ISA_USAGE = YES_ERROR;
				CLANG_WARN_DOCUMENTATION_COMMENTS = YES;
				CLANG_WARN_EMPTY_BODY = YES;
				CLANG_WARN_ENUM_CONVERSION = YES;
				CLANG_WARN_INFINITE_RECURSION = YES;
				CLANG_WARN_INT_CONVERSION = YES;
				CLANG_WARN_NON_LITERAL_NULL_CONVERSION = YES;
				CLANG_WARN_OBJC_IMPLICIT_RETAIN_SELF = YES;
				CLANG_WARN_OBJC_LITERAL_CONVERSION = YES;
				CLANG_WARN_OBJC_ROOT_CLASS = YES_ERROR;
				CLANG_WARN_QUOTED_INCLUDE_IN_FRAMEWORK_HEADER = YES;
				CLANG_WARN_RANGE_LOOP_ANALYSIS = YES;
				CLANG_WARN_STRICT_PROTOTYPES = YES;
				CLANG_WARN_SUSPICIOUS_MOVE = YES;
				CLANG_WARN_UNGUARDED_AVAILABILITY = YES_AGGRESSIVE;
				CLANG_WARN_UNREACHABLE_CODE = YES;
				CLANG_WARN__DUPLICATE_METHOD_MATCH = YES;
				COPY_PHASE_STRIP = NO;
				DEBUG_INFORMATION_FORMAT = "dwarf-with-dsym";
				ENABLE_NS_ASSERTIONS = NO;
				ENABLE_STRICT_OBJC_MSGSEND = YES;
				GCC_C_LANGUAGE_STANDARD = gnu11;
				GCC_NO_COMMON_BLOCKS = YES;
				GCC_WARN_64_TO_32_BIT_CONVERSION = YES;
				GCC_WARN_ABOUT_RETURN_TYPE = YES_ERROR;
				GCC_WARN_UNDECLARED_SELECTOR = YES;
				GCC_WARN_UNINITIALIZED_AUTOS = YES_AGGRESSIVE;
				GCC_WARN_UNUSED_FUNCTION = YES;
				GCC_WARN_UNUSED_VARIABLE = YES;
				IPHONEOS_DEPLOYMENT_TARGET = 16.4;
				MTL_ENABLE_DEBUG_INFO = NO;
				MTL_FAST_MATH = YES;
				SDKROOT = iphoneos;
				SWIFT_COMPILATION_MODE = wholemodule;
				SWIFT_OPTIMIZATION_LEVEL = "-O";
				VALIDATE_PRODUCT = YES;
			};
			name = Release;
		};
		252D5F1E2A226EB8000931BC /* Debug */ = {
			isa = XCBuildConfiguration;
			buildSettings = {
				ASSETCATALOG_COMPILER_APPICON_NAME = AppIcon;
				ASSETCATALOG_COMPILER_GLOBAL_ACCENT_COLOR_NAME = AccentColor;
				CODE_SIGN_STYLE = Automatic;
				CURRENT_PROJECT_VERSION = 1;
				DEVELOPMENT_ASSET_PATHS = "\"royaltyplaza/Preview Content\"";
				DEVELOPMENT_TEAM = QH9X33Y55J;
				ENABLE_PREVIEWS = YES;
				GENERATE_INFOPLIST_FILE = YES;
				INFOPLIST_FILE = royaltyplaza/Info.plist;
				INFOPLIST_KEY_UIApplicationSceneManifest_Generation = YES;
				INFOPLIST_KEY_UIApplicationSupportsIndirectInputEvents = YES;
				INFOPLIST_KEY_UILaunchScreen_Generation = YES;
				INFOPLIST_KEY_UISupportedInterfaceOrientations_iPad = "UIInterfaceOrientationPortrait UIInterfaceOrientationPortraitUpsideDown UIInterfaceOrientationLandscapeLeft UIInterfaceOrientationLandscapeRight";
				INFOPLIST_KEY_UISupportedInterfaceOrientations_iPhone = "UIInterfaceOrientationPortrait UIInterfaceOrientationLandscapeLeft UIInterfaceOrientationLandscapeRight";
				LD_RUNPATH_SEARCH_PATHS = (
					"$(inherited)",
					"@executable_path/Frameworks",
				);
				MARKETING_VERSION = 1.0;
				PRODUCT_BUNDLE_IDENTIFIER = dev.ramaadi.royaltyplaza;
				PRODUCT_NAME = "$(TARGET_NAME)";
				SWIFT_EMIT_LOC_STRINGS = YES;
				SWIFT_VERSION = 5.0;
				TARGETED_DEVICE_FAMILY = "1,2";
			};
			name = Debug;
		};
		252D5F1F2A226EB8000931BC /* Release */ = {
			isa = XCBuildConfiguration;
			buildSettings = {
				ASSETCATALOG_COMPILER_APPICON_NAME = AppIcon;
				ASSETCATALOG_COMPILER_GLOBAL_ACCENT_COLOR_NAME = AccentColor;
				CODE_SIGN_STYLE = Automatic;
				CURRENT_PROJECT_VERSION = 1;
				DEVELOPMENT_ASSET_PATHS = "\"royaltyplaza/Preview Content\"";
				DEVELOPMENT_TEAM = QH9X33Y55J;
				ENABLE_PREVIEWS = YES;
				GENERATE_INFOPLIST_FILE = YES;
				INFOPLIST_FILE = royaltyplaza/Info.plist;
				INFOPLIST_KEY_UIApplicationSceneManifest_Generation = YES;
				INFOPLIST_KEY_UIApplicationSupportsIndirectInputEvents = YES;
				INFOPLIST_KEY_UILaunchScreen_Generation = YES;
				INFOPLIST_KEY_UISupportedInterfaceOrientations_iPad = "UIInterfaceOrientationPortrait UIInterfaceOrientationPortraitUpsideDown UIInterfaceOrientationLandscapeLeft UIInterfaceOrientationLandscapeRight";
				INFOPLIST_KEY_UISupportedInterfaceOrientations_iPhone = "UIInterfaceOrientationPortrait UIInterfaceOrientationLandscapeLeft UIInterfaceOrientationLandscapeRight";
				LD_RUNPATH_SEARCH_PATHS = (
					"$(inherited)",
					"@executable_path/Frameworks",
				);
				MARKETING_VERSION = 1.0;
				PRODUCT_BUNDLE_IDENTIFIER = dev.ramaadi.royaltyplaza;
				PRODUCT_NAME = "$(TARGET_NAME)";
				SWIFT_EMIT_LOC_STRINGS = YES;
				SWIFT_VERSION = 5.0;
				TARGETED_DEVICE_FAMILY = "1,2";
			};
			name = Release;
		};
/* End XCBuildConfiguration section */

/* Begin XCConfigurationList section */
		252D5F0A2A226EB7000931BC /* Build configuration list for PBXProject "royaltyplaza" */ = {
			isa = XCConfigurationList;
			buildConfigurations = (
				252D5F1B2A226EB8000931BC /* Debug */,
				252D5F1C2A226EB8000931BC /* Release */,
			);
			defaultConfigurationIsVisible = 0;
			defaultConfigurationName = Release;
		};
		252D5F1D2A226EB8000931BC /* Build configuration list for PBXNativeTarget "royaltyplaza" */ = {
			isa = XCConfigurationList;
			buildConfigurations = (
				252D5F1E2A226EB8000931BC /* Debug */,
				252D5F1F2A226EB8000931BC /* Release */,
			);
			defaultConfigurationIsVisible = 0;
			defaultConfigurationName = Release;
		};
/* End XCConfigurationList section */

/* Begin XCRemoteSwiftPackageReference section */
		2511BD452A23C98A00293C8E /* XCRemoteSwiftPackageReference "qrcode" */ = {
			isa = XCRemoteSwiftPackageReference;
			repositoryURL = "https://github.com/dagronf/qrcode.git";
			requirement = {
				kind = upToNextMajorVersion;
				minimumVersion = 14.0.0;
			};
		};
		2511BD4F2A23E92B00293C8E /* XCRemoteSwiftPackageReference "CodeScanner" */ = {
			isa = XCRemoteSwiftPackageReference;
			repositoryURL = "https://github.com/twostraws/CodeScanner.git";
			requirement = {
				kind = upToNextMajorVersion;
				minimumVersion = 2.0.0;
			};
		};
		2588EC312A238CBF0081407E /* XCRemoteSwiftPackageReference "Alamofire" */ = {
			isa = XCRemoteSwiftPackageReference;
			repositoryURL = "https://github.com/Alamofire/Alamofire.git";
			requirement = {
				kind = upToNextMajorVersion;
				minimumVersion = 5.0.0;
			};
		};
		2588EC392A2392C40081407E /* XCRemoteSwiftPackageReference "SwiftyJSON" */ = {
			isa = XCRemoteSwiftPackageReference;
			repositoryURL = "https://github.com/SwiftyJSON/SwiftyJSON.git";
			requirement = {
				kind = upToNextMajorVersion;
				minimumVersion = 5.0.0;
			};
		};
		2588EC512A23B1220081407E /* XCRemoteSwiftPackageReference "Colorful" */ = {
			isa = XCRemoteSwiftPackageReference;
			repositoryURL = "https://github.com/Lakr233/Colorful.git";
			requirement = {
				kind = upToNextMajorVersion;
				minimumVersion = 1.0.0;
			};
		};
/* End XCRemoteSwiftPackageReference section */

/* Begin XCSwiftPackageProductDependency section */
		2511BD462A23C98A00293C8E /* QRCode */ = {
			isa = XCSwiftPackageProductDependency;
			package = 2511BD452A23C98A00293C8E /* XCRemoteSwiftPackageReference "qrcode" */;
			productName = QRCode;
		};
		2511BD502A23E92B00293C8E /* CodeScanner */ = {
			isa = XCSwiftPackageProductDependency;
			package = 2511BD4F2A23E92B00293C8E /* XCRemoteSwiftPackageReference "CodeScanner" */;
			productName = CodeScanner;
		};
		2588EC322A238CBF0081407E /* Alamofire */ = {
			isa = XCSwiftPackageProductDependency;
			package = 2588EC312A238CBF0081407E /* XCRemoteSwiftPackageReference "Alamofire" */;
			productName = Alamofire;
		};
		2588EC3A2A2392C40081407E /* SwiftyJSON */ = {
			isa = XCSwiftPackageProductDependency;
			package = 2588EC392A2392C40081407E /* XCRemoteSwiftPackageReference "SwiftyJSON" */;
			productName = SwiftyJSON;
		};
		2588EC522A23B1220081407E /* Colorful */ = {
			isa = XCSwiftPackageProductDependency;
			package = 2588EC512A23B1220081407E /* XCRemoteSwiftPackageReference "Colorful" */;
			productName = Colorful;
		};
/* End XCSwiftPackageProductDependency section */
	};
	rootObject = 252D5F072A226EB7000931BC /* Project object */;
}
